
Microsoft Visual Studio Solution File, Format Version 12.00
# Visual Studio Version 17
VisualStudioVersion = 17.1.32421.90
MinimumVisualStudioVersion = 10.0.40219.1
Project("{9A19103F-16F7-4668-BE54-9A1E7A4F7556}") = "MeetingsManagingConsoleApp", "MeetingsManagingConsoleApp\MeetingsManagingConsoleApp.csproj", "{97D7E2EA-D214-4CE5-BFEE-C73F6697B6F1}"
EndProject
Project("{FAE04EC0-301F-11D3-BF4B-00C04F79EFBC}") = "MeetingsManagingConsoleAppTests1", "MeetingsManagingConsoleAppTests1\MeetingsManagingConsoleAppTests1.csproj", "{33DB20D0-4289-49D2-8A57-ABE4D0F42742}"
EndProject
Global
	GlobalSection(SolutionConfigurationPlatforms) = preSolution
		Debug|Any CPU = Debug|Any CPU
		Release|Any CPU = Release|Any CPU
	EndGlobalSection
	GlobalSection(ProjectConfigurationPlatforms) = postSolution
		{97D7E2EA-D214-4CE5-BFEE-C73F6697B6F1}.Debug|Any CPU.ActiveCfg = Debug|Any CPU
		{97D7E2EA-D214-4CE5-BFEE-C73F6697B6F1}.Debug|Any CPU.Build.0 = Debug|Any CPU
		{97D7E2EA-D214-4CE5-BFEE-C73F6697B6F1}.Release|Any CPU.ActiveCfg = Release|Any CPU
		{97D7E2EA-D214-4CE5-BFEE-C73F6697B6F1}.Release|Any CPU.Build.0 = Release|Any CPU
		{33DB20D0-4289-49D2-8A57-ABE4D0F42742}.Debug|Any CPU.ActiveCfg = Debug|Any CPU
		{33DB20D0-4289-49D2-8A57-ABE4D0F42742}.Debug|Any CPU.Build.0 = Debug|Any CPU
		{33DB20D0-4289-49D2-8A57-ABE4D0F42742}.Release|Any CPU.ActiveCfg = Release|Any CPU
		{33DB20D0-4289-49D2-8A57-ABE4D0F42742}.Release|Any CPU.Build.0 = Release|Any CPU
	EndGlobalSection
	GlobalSection(SolutionProperties) = preSolution
		HideSolutionNode = FALSE
	EndGlobalSection
	GlobalSection(ExtensibilityGlobals) = postSolution
		SolutionGuid = {AED9C763-70CF-418B-9BBF-2CD204380095}
	EndGlobalSection
EndGlobal
